// !$*UTF8*$!
{
	archiveVersion = 1;
	classes = {
	};
	objectVersion = 45;
	objects = {

/* Begin PBXBuildFile section */
		1D3623260D0F684500981E51 /* OpenFlowProjectAppDelegate.m in Sources */ = {isa = PBXBuildFile; fileRef = 1D3623250D0F684500981E51 /* OpenFlowProjectAppDelegate.m */; };
		1D60589B0D05DD56006BFB54 /* main.m in Sources */ = {isa = PBXBuildFile; fileRef = 29B97316FDCFA39411CA2CEA /* main.m */; };
		1D60589F0D05DD5A006BFB54 /* Foundation.framework in Frameworks */ = {isa = PBXBuildFile; fileRef = 1D30AB110D05D00D00671497 /* Foundation.framework */; };
		1DF5F4E00D08C38300B7A737 /* UIKit.framework in Frameworks */ = {isa = PBXBuildFile; fileRef = 1DF5F4DF0D08C38300B7A737 /* UIKit.framework */; };
		288765A50DF7441C002DB57D /* CoreGraphics.framework in Frameworks */ = {isa = PBXBuildFile; fileRef = 288765A40DF7441C002DB57D /* CoreGraphics.framework */; };
		2899E5220DE3E06400AC0155 /* OpenFlowProjectViewController.xib in Resources */ = {isa = PBXBuildFile; fileRef = 2899E5210DE3E06400AC0155 /* OpenFlowProjectViewController.xib */; };
		28AD733F0D9D9553002E5188 /* MainWindow.xib in Resources */ = {isa = PBXBuildFile; fileRef = 28AD733E0D9D9553002E5188 /* MainWindow.xib */; };
		28D7ACF80DDB3853001CB0EB /* OpenFlowProjectViewController.m in Sources */ = {isa = PBXBuildFile; fileRef = 28D7ACF70DDB3853001CB0EB /* OpenFlowProjectViewController.m */; };
		AB1C193210F462F50060F12D /* AFGetImageOperation.m in Sources */ = {isa = PBXBuildFile; fileRef = AB1C193110F462F50060F12D /* AFGetImageOperation.m */; };
		AB1C193B10F4630A0060F12D /* AFItemView.m in Sources */ = {isa = PBXBuildFile; fileRef = AB1C193510F4630A0060F12D /* AFItemView.m */; };
		AB1C193C10F4630A0060F12D /* AFOpenFlowView.m in Sources */ = {isa = PBXBuildFile; fileRef = AB1C193810F4630A0060F12D /* AFOpenFlowView.m */; };
		AB1C193D10F4630A0060F12D /* AFUIImageReflection.m in Sources */ = {isa = PBXBuildFile; fileRef = AB1C193A10F4630A0060F12D /* AFUIImageReflection.m */; };
		AB1C195510F463A40060F12D /* QuartzCore.framework in Frameworks */ = {isa = PBXBuildFile; fileRef = AB1C195410F463A40060F12D /* QuartzCore.framework */; };
		AB1C19B310F464D10060F12D /* default.png in Resources */ = {isa = PBXBuildFile; fileRef = AB1C199410F464D10060F12D /* default.png */; };
		AB1C19B410F464D10060F12D /* 0.jpg in Resources */ = {isa = PBXBuildFile; fileRef = AB1C199510F464D10060F12D /* 0.jpg */; };
		AB1C19B510F464D10060F12D /* 1.jpg in Resources */ = {isa = PBXBuildFile; fileRef = AB1C199610F464D10060F12D /* 1.jpg */; };
		AB1C19B610F464D10060F12D /* 2.jpg in Resources */ = {isa = PBXBuildFile; fileRef = AB1C199710F464D10060F12D /* 2.jpg */; };
		AB1C19B710F464D10060F12D /* 3.jpg in Resources */ = {isa = PBXBuildFile; fileRef = AB1C199810F464D10060F12D /* 3.jpg */; };
		AB1C19B810F464D10060F12D /* 4.jpg in Resources */ = {isa = PBXBuildFile; fileRef = AB1C199910F464D10060F12D /* 4.jpg */; };
		AB1C19B910F464D10060F12D /* 5.jpg in Resources */ = {isa = PBXBuildFile; fileRef = AB1C199A10F464D10060F12D /* 5.jpg */; };
		AB1C19BA10F464D10060F12D /* 6.jpg in Resources */ = {isa = PBXBuildFile; fileRef = AB1C199B10F464D10060F12D /* 6.jpg */; };
		AB1C19BB10F464D10060F12D /* 7.jpg in Resources */ = {isa = PBXBuildFile; fileRef = AB1C199C10F464D10060F12D /* 7.jpg */; };
		AB1C19BC10F464D10060F12D /* 8.jpg in Resources */ = {isa = PBXBuildFile; fileRef = AB1C199D10F464D10060F12D /* 8.jpg */; };
		AB1C19BD10F464D10060F12D /* 9.jpg in Resources */ = {isa = PBXBuildFile; fileRef = AB1C199E10F464D10060F12D /* 9.jpg */; };
		AB1C19BE10F464D10060F12D /* 10.jpg in Resources */ = {isa = PBXBuildFile; fileRef = AB1C199F10F464D10060F12D /* 10.jpg */; };
		AB1C19BF10F464D10060F12D /* 11.jpg in Resources */ = {isa = PBXBuildFile; fileRef = AB1C19A010F464D10060F12D /* 11.jpg */; };
		AB1C19C010F464D10060F12D /* 12.jpg in Resources */ = {isa = PBXBuildFile; fileRef = AB1C19A110F464D10060F12D /* 12.jpg */; };
		AB1C19C110F464D10060F12D /* 13.jpg in Resources */ = {isa = PBXBuildFile; fileRef = AB1C19A210F464D10060F12D /* 13.jpg */; };
		AB1C19C210F464D10060F12D /* 14.jpg in Resources */ = {isa = PBXBuildFile; fileRef = AB1C19A310F464D10060F12D /* 14.jpg */; };
		AB1C19C310F464D10060F12D /* 15.jpg in Resources */ = {isa = PBXBuildFile; fileRef = AB1C19A410F464D10060F12D /* 15.jpg */; };
		AB1C19C410F464D10060F12D /* 16.jpg in Resources */ = {isa = PBXBuildFile; fileRef = AB1C19A510F464D10060F12D /* 16.jpg */; };
		AB1C19C510F464D10060F12D /* 17.jpg in Resources */ = {isa = PBXBuildFile; fileRef = AB1C19A610F464D10060F12D /* 17.jpg */; };
		AB1C19C610F464D10060F12D /* 18.jpg in Resources */ = {isa = PBXBuildFile; fileRef = AB1C19A710F464D10060F12D /* 18.jpg */; };
		AB1C19C710F464D10060F12D /* 19.jpg in Resources */ = {isa = PBXBuildFile; fileRef = AB1C19A810F464D10060F12D /* 19.jpg */; };
		AB1C19C810F464D10060F12D /* 20.jpg in Resources */ = {isa = PBXBuildFile; fileRef = AB1C19A910F464D10060F12D /* 20.jpg */; };
		AB1C19C910F464D10060F12D /* 21.jpg in Resources */ = {isa = PBXBuildFile; fileRef = AB1C19AA10F464D10060F12D /* 21.jpg */; };
		AB1C19CA10F464D10060F12D /* 22.jpg in Resources */ = {isa = PBXBuildFile; fileRef = AB1C19AB10F464D10060F12D /* 22.jpg */; };
		AB1C19CB10F464D10060F12D /* 23.jpg in Resources */ = {isa = PBXBuildFile; fileRef = AB1C19AC10F464D10060F12D /* 23.jpg */; };
		AB1C19CC10F464D10060F12D /* 24.jpg in Resources */ = {isa = PBXBuildFile; fileRef = AB1C19AD10F464D10060F12D /* 24.jpg */; };
		AB1C19CD10F464D10060F12D /* 25.jpg in Resources */ = {isa = PBXBuildFile; fileRef = AB1C19AE10F464D10060F12D /* 25.jpg */; };
		AB1C19CE10F464D10060F12D /* 26.jpg in Resources */ = {isa = PBXBuildFile; fileRef = AB1C19AF10F464D10060F12D /* 26.jpg */; };
		AB1C19CF10F464D10060F12D /* 27.jpg in Resources */ = {isa = PBXBuildFile; fileRef = AB1C19B010F464D10060F12D /* 27.jpg */; };
		AB1C19D010F464D10060F12D /* 28.jpg in Resources */ = {isa = PBXBuildFile; fileRef = AB1C19B110F464D10060F12D /* 28.jpg */; };
		AB1C19D110F464D10060F12D /* 29.jpg in Resources */ = {isa = PBXBuildFile; fileRef = AB1C19B210F464D10060F12D /* 29.jpg */; };
/* End PBXBuildFile section */

/* Begin PBXFileReference section */
		1D30AB110D05D00D00671497 /* Foundation.framework */ = {isa = PBXFileReference; lastKnownFileType = wrapper.framework; name = Foundation.framework; path = System/Library/Frameworks/Foundation.framework; sourceTree = SDKROOT; };
		1D3623240D0F684500981E51 /* OpenFlowProjectAppDelegate.h */ = {isa = PBXFileReference; fileEncoding = 4; lastKnownFileType = sourcecode.c.h; path = OpenFlowProjectAppDelegate.h; sourceTree = "<group>"; };
		1D3623250D0F684500981E51 /* OpenFlowProjectAppDelegate.m */ = {isa = PBXFileReference; fileEncoding = 4; lastKnownFileType = sourcecode.c.objc; path = OpenFlowProjectAppDelegate.m; sourceTree = "<group>"; };
		1D6058910D05DD3D006BFB54 /* OpenFlowProject.app */ = {isa = PBXFileReference; explicitFileType = wrapper.application; includeInIndex = 0; path = OpenFlowProject.app; sourceTree = BUILT_PRODUCTS_DIR; };
		1DF5F4DF0D08C38300B7A737 /* UIKit.framework */ = {isa = PBXFileReference; lastKnownFileType = wrapper.framework; name = UIKit.framework; path = System/Library/Frameworks/UIKit.framework; sourceTree = SDKROOT; };
		288765A40DF7441C002DB57D /* CoreGraphics.framework */ = {isa = PBXFileReference; lastKnownFileType = wrapper.framework; name = CoreGraphics.framework; path = System/Library/Frameworks/CoreGraphics.framework; sourceTree = SDKROOT; };
		2899E5210DE3E06400AC0155 /* OpenFlowProjectViewController.xib */ = {isa = PBXFileReference; lastKnownFileType = file.xib; path = OpenFlowProjectViewController.xib; sourceTree = "<group>"; };
		28AD733E0D9D9553002E5188 /* MainWindow.xib */ = {isa = PBXFileReference; lastKnownFileType = file.xib; path = MainWindow.xib; sourceTree = "<group>"; };
		28D7ACF60DDB3853001CB0EB /* OpenFlowProjectViewController.h */ = {isa = PBXFileReference; fileEncoding = 4; lastKnownFileType = sourcecode.c.h; path = OpenFlowProjectViewController.h; sourceTree = "<group>"; };
		28D7ACF70DDB3853001CB0EB /* OpenFlowProjectViewController.m */ = {isa = PBXFileReference; fileEncoding = 4; lastKnownFileType = sourcecode.c.objc; path = OpenFlowProjectViewController.m; sourceTree = "<group>"; };
		29B97316FDCFA39411CA2CEA /* main.m */ = {isa = PBXFileReference; fileEncoding = 4; lastKnownFileType = sourcecode.c.objc; path = main.m; sourceTree = "<group>"; };
		32CA4F630368D1EE00C91783 /* OpenFlowProject_Prefix.pch */ = {isa = PBXFileReference; fileEncoding = 4; lastKnownFileType = sourcecode.c.h; path = OpenFlowProject_Prefix.pch; sourceTree = "<group>"; };
		8D1107310486CEB800E47090 /* OpenFlowProject-Info.plist */ = {isa = PBXFileReference; fileEncoding = 4; lastKnownFileType = text.plist.xml; path = "OpenFlowProject-Info.plist"; plistStructureDefinitionIdentifier = "com.apple.xcode.plist.structure-definition.iphone.info-plist"; sourceTree = "<group>"; };
		AB1C193010F462F50060F12D /* AFGetImageOperation.h */ = {isa = PBXFileReference; fileEncoding = 4; lastKnownFileType = sourcecode.c.h; path = AFGetImageOperation.h; sourceTree = "<group>"; };
		AB1C193110F462F50060F12D /* AFGetImageOperation.m */ = {isa = PBXFileReference; fileEncoding = 4; lastKnownFileType = sourcecode.c.objc; path = AFGetImageOperation.m; sourceTree = "<group>"; };
		AB1C193410F4630A0060F12D /* AFItemView.h */ = {isa = PBXFileReference; fileEncoding = 4; lastKnownFileType = sourcecode.c.h; name = AFItemView.h; path = ../OpenFlow/AFItemView.h; sourceTree = SOURCE_ROOT; };
		AB1C193510F4630A0060F12D /* AFItemView.m */ = {isa = PBXFileReference; fileEncoding = 4; lastKnownFileType = sourcecode.c.objc; name = AFItemView.m; path = ../OpenFlow/AFItemView.m; sourceTree = SOURCE_ROOT; };
		AB1C193610F4630A0060F12D /* AFOpenFlowConstants.h */ = {isa = PBXFileReference; fileEncoding = 4; lastKnownFileType = sourcecode.c.h; name = AFOpenFlowConstants.h; path = ../OpenFlow/AFOpenFlowConstants.h; sourceTree = SOURCE_ROOT; };
		AB1C193710F4630A0060F12D /* AFOpenFlowView.h */ = {isa = PBXFileReference; fileEncoding = 4; lastKnownFileType = sourcecode.c.h; name = AFOpenFlowView.h; path = ../OpenFlow/AFOpenFlowView.h; sourceTree = SOURCE_ROOT; };
		AB1C193810F4630A0060F12D /* AFOpenFlowView.m */ = {isa = PBXFileReference; fileEncoding = 4; lastKnownFileType = sourcecode.c.objc; name = AFOpenFlowView.m; path = ../OpenFlow/AFOpenFlowView.m; sourceTree = SOURCE_ROOT; };
		AB1C193910F4630A0060F12D /* AFUIImageReflection.h */ = {isa = PBXFileReference; fileEncoding = 4; lastKnownFileType = sourcecode.c.h; name = AFUIImageReflection.h; path = ../OpenFlow/AFUIImageReflection.h; sourceTree = SOURCE_ROOT; };
		AB1C193A10F4630A0060F12D /* AFUIImageReflection.m */ = {isa = PBXFileReference; fileEncoding = 4; lastKnownFileType = sourcecode.c.objc; name = AFUIImageReflection.m; path = ../OpenFlow/AFUIImageReflection.m; sourceTree = SOURCE_ROOT; };
		AB1C195410F463A40060F12D /* QuartzCore.framework */ = {isa = PBXFileReference; lastKnownFileType = wrapper.framework; name = QuartzCore.framework; path = System/Library/Frameworks/QuartzCore.framework; sourceTree = SDKROOT; };
		AB1C199410F464D10060F12D /* default.png */ = {isa = PBXFileReference; lastKnownFileType = image.png; name = default.png; path = ../OpenFlowDemo/default.png; sourceTree = SOURCE_ROOT; };
		AB1C199510F464D10060F12D /* 0.jpg */ = {isa = PBXFileReference; lastKnownFileType = image.jpeg; name = 0.jpg; path = "../OpenFlowDemo/Sample Images/0.jpg"; sourceTree = SOURCE_ROOT; };
		AB1C199610F464D10060F12D /* 1.jpg */ = {isa = PBXFileReference; lastKnownFileType = image.jpeg; name = 1.jpg; path = "../OpenFlowDemo/Sample Images/1.jpg"; sourceTree = SOURCE_ROOT; };
		AB1C199710F464D10060F12D /* 2.jpg */ = {isa = PBXFileReference; lastKnownFileType = image.jpeg; name = 2.jpg; path = "../OpenFlowDemo/Sample Images/2.jpg"; sourceTree = SOURCE_ROOT; };
		AB1C199810F464D10060F12D /* 3.jpg */ = {isa = PBXFileReference; lastKnownFileType = image.jpeg; name = 3.jpg; path = "../OpenFlowDemo/Sample Images/3.jpg"; sourceTree = SOURCE_ROOT; };
		AB1C199910F464D10060F12D /* 4.jpg */ = {isa = PBXFileReference; lastKnownFileType = image.jpeg; name = 4.jpg; path = "../OpenFlowDemo/Sample Images/4.jpg"; sourceTree = SOURCE_ROOT; };
		AB1C199A10F464D10060F12D /* 5.jpg */ = {isa = PBXFileReference; lastKnownFileType = image.jpeg; name = 5.jpg; path = "../OpenFlowDemo/Sample Images/5.jpg"; sourceTree = SOURCE_ROOT; };
		AB1C199B10F464D10060F12D /* 6.jpg */ = {isa = PBXFileReference; lastKnownFileType = image.jpeg; name = 6.jpg; path = "../OpenFlowDemo/Sample Images/6.jpg"; sourceTree = SOURCE_ROOT; };
		AB1C199C10F464D10060F12D /* 7.jpg */ = {isa = PBXFileReference; lastKnownFileType = image.jpeg; name = 7.jpg; path = "../OpenFlowDemo/Sample Images/7.jpg"; sourceTree = SOURCE_ROOT; };
		AB1C199D10F464D10060F12D /* 8.jpg */ = {isa = PBXFileReference; lastKnownFileType = image.jpeg; name = 8.jpg; path = "../OpenFlowDemo/Sample Images/8.jpg"; sourceTree = SOURCE_ROOT; };
		AB1C199E10F464D10060F12D /* 9.jpg */ = {isa = PBXFileReference; lastKnownFileType = image.jpeg; name = 9.jpg; path = "../OpenFlowDemo/Sample Images/9.jpg"; sourceTree = SOURCE_ROOT; };
		AB1C199F10F464D10060F12D /* 10.jpg */ = {isa = PBXFileReference; lastKnownFileType = image.jpeg; name = 10.jpg; path = "../OpenFlowDemo/Sample Images/10.jpg"; sourceTree = SOURCE_ROOT; };
		AB1C19A010F464D10060F12D /* 11.jpg */ = {isa = PBXFileReference; lastKnownFileType = image.jpeg; name = 11.jpg; path = "../OpenFlowDemo/Sample Images/11.jpg"; sourceTree = SOURCE_ROOT; };
		AB1C19A110F464D10060F12D /* 12.jpg */ = {isa = PBXFileReference; lastKnownFileType = image.jpeg; name = 12.jpg; path = "../OpenFlowDemo/Sample Images/12.jpg"; sourceTree = SOURCE_ROOT; };
		AB1C19A210F464D10060F12D /* 13.jpg */ = {isa = PBXFileReference; lastKnownFileType = image.jpeg; name = 13.jpg; path = "../OpenFlowDemo/Sample Images/13.jpg"; sourceTree = SOURCE_ROOT; };
		AB1C19A310F464D10060F12D /* 14.jpg */ = {isa = PBXFileReference; lastKnownFileType = image.jpeg; name = 14.jpg; path = "../OpenFlowDemo/Sample Images/14.jpg"; sourceTree = SOURCE_ROOT; };
		AB1C19A410F464D10060F12D /* 15.jpg */ = {isa = PBXFileReference; lastKnownFileType = image.jpeg; name = 15.jpg; path = "../OpenFlowDemo/Sample Images/15.jpg"; sourceTree = SOURCE_ROOT; };
		AB1C19A510F464D10060F12D /* 16.jpg */ = {isa = PBXFileReference; lastKnownFileType = image.jpeg; name = 16.jpg; path = "../OpenFlowDemo/Sample Images/16.jpg"; sourceTree = SOURCE_ROOT; };
		AB1C19A610F464D10060F12D /* 17.jpg */ = {isa = PBXFileReference; lastKnownFileType = image.jpeg; name = 17.jpg; path = "../OpenFlowDemo/Sample Images/17.jpg"; sourceTree = SOURCE_ROOT; };
		AB1C19A710F464D10060F12D /* 18.jpg */ = {isa = PBXFileReference; lastKnownFileType = image.jpeg; name = 18.jpg; path = "../OpenFlowDemo/Sample Images/18.jpg"; sourceTree = SOURCE_ROOT; };
		AB1C19A810F464D10060F12D /* 19.jpg */ = {isa = PBXFileReference; lastKnownFileType = image.jpeg; name = 19.jpg; path = "../OpenFlowDemo/Sample Images/19.jpg"; sourceTree = SOURCE_ROOT; };
		AB1C19A910F464D10060F12D /* 20.jpg */ = {isa = PBXFileReference; lastKnownFileType = image.jpeg; name = 20.jpg; path = "../OpenFlowDemo/Sample Images/20.jpg"; sourceTree = SOURCE_ROOT; };
		AB1C19AA10F464D10060F12D /* 21.jpg */ = {isa = PBXFileReference; lastKnownFileType = image.jpeg; name = 21.jpg; path = "../OpenFlowDemo/Sample Images/21.jpg"; sourceTree = SOURCE_ROOT; };
		AB1C19AB10F464D10060F12D /* 22.jpg */ = {isa = PBXFileReference; lastKnownFileType = image.jpeg; name = 22.jpg; path = "../OpenFlowDemo/Sample Images/22.jpg"; sourceTree = SOURCE_ROOT; };
		AB1C19AC10F464D10060F12D /* 23.jpg */ = {isa = PBXFileReference; lastKnownFileType = image.jpeg; name = 23.jpg; path = "../OpenFlowDemo/Sample Images/23.jpg"; sourceTree = SOURCE_ROOT; };
		AB1C19AD10F464D10060F12D /* 24.jpg */ = {isa = PBXFileReference; lastKnownFileType = image.jpeg; name = 24.jpg; path = "../OpenFlowDemo/Sample Images/24.jpg"; sourceTree = SOURCE_ROOT; };
		AB1C19AE10F464D10060F12D /* 25.jpg */ = {isa = PBXFileReference; lastKnownFileType = image.jpeg; name = 25.jpg; path = "../OpenFlowDemo/Sample Images/25.jpg"; sourceTree = SOURCE_ROOT; };
		AB1C19AF10F464D10060F12D /* 26.jpg */ = {isa = PBXFileReference; lastKnownFileType = image.jpeg; name = 26.jpg; path = "../OpenFlowDemo/Sample Images/26.jpg"; sourceTree = SOURCE_ROOT; };
		AB1C19B010F464D10060F12D /* 27.jpg */ = {isa = PBXFileReference; lastKnownFileType = image.jpeg; name = 27.jpg; path = "../OpenFlowDemo/Sample Images/27.jpg"; sourceTree = SOURCE_ROOT; };
		AB1C19B110F464D10060F12D /* 28.jpg */ = {isa = PBXFileReference; lastKnownFileType = image.jpeg; name = 28.jpg; path = "../OpenFlowDemo/Sample Images/28.jpg"; sourceTree = SOURCE_ROOT; };
		AB1C19B210F464D10060F12D /* 29.jpg */ = {isa = PBXFileReference; lastKnownFileType = image.jpeg; name = 29.jpg; path = "../OpenFlowDemo/Sample Images/29.jpg"; sourceTree = SOURCE_ROOT; };
/* End PBXFileReference section */

/* Begin PBXFrameworksBuildPhase section */
		1D60588F0D05DD3D006BFB54 /* Frameworks */ = {
			isa = PBXFrameworksBuildPhase;
			buildActionMask = 2147483647;
			files = (
				1D60589F0D05DD5A006BFB54 /* Foundation.framework in Frameworks */,
				1DF5F4E00D08C38300B7A737 /* UIKit.framework in Frameworks */,
				288765A50DF7441C002DB57D /* CoreGraphics.framework in Frameworks */,
				AB1C195510F463A40060F12D /* QuartzCore.framework in Frameworks */,
			);
			runOnlyForDeploymentPostprocessing = 0;
		};
/* End PBXFrameworksBuildPhase section */

/* Begin PBXGroup section */
		080E96DDFE201D6D7F000001 /* Classes */ = {
			isa = PBXGroup;
			children = (
				AB1C193310F4630A0060F12D /* OpenFlow */,
				AB1C193010F462F50060F12D /* AFGetImageOperation.h */,
				AB1C193110F462F50060F12D /* AFGetImageOperation.m */,
				1D3623240D0F684500981E51 /* OpenFlowProjectAppDelegate.h */,
				1D3623250D0F684500981E51 /* OpenFlowProjectAppDelegate.m */,
				28D7ACF60DDB3853001CB0EB /* OpenFlowProjectViewController.h */,
				28D7ACF70DDB3853001CB0EB /* OpenFlowProjectViewController.m */,
			);
			path = Classes;
			sourceTree = "<group>";
		};
		19C28FACFE9D520D11CA2CBB /* Products */ = {
			isa = PBXGroup;
			children = (
				1D6058910D05DD3D006BFB54 /* OpenFlowProject.app */,
			);
			name = Products;
			sourceTree = "<group>";
		};
		29B97314FDCFA39411CA2CEA /* CustomTemplate */ = {
			isa = PBXGroup;
			children = (
				080E96DDFE201D6D7F000001 /* Classes */,
				29B97315FDCFA39411CA2CEA /* Other Sources */,
				29B97317FDCFA39411CA2CEA /* Resources */,
				29B97323FDCFA39411CA2CEA /* Frameworks */,
				19C28FACFE9D520D11CA2CBB /* Products */,
				AB1C195410F463A40060F12D /* QuartzCore.framework */,
			);
			name = CustomTemplate;
			sourceTree = "<group>";
		};
		29B97315FDCFA39411CA2CEA /* Other Sources */ = {
			isa = PBXGroup;
			children = (
				32CA4F630368D1EE00C91783 /* OpenFlowProject_Prefix.pch */,
				29B97316FDCFA39411CA2CEA /* main.m */,
			);
			name = "Other Sources";
			sourceTree = "<group>";
		};
		29B97317FDCFA39411CA2CEA /* Resources */ = {
			isa = PBXGroup;
			children = (
				AB1C199310F464D10060F12D /* Sample Images */,
				2899E5210DE3E06400AC0155 /* OpenFlowProjectViewController.xib */,
				28AD733E0D9D9553002E5188 /* MainWindow.xib */,
				8D1107310486CEB800E47090 /* OpenFlowProject-Info.plist */,
			);
			name = Resources;
			sourceTree = "<group>";
		};
		29B97323FDCFA39411CA2CEA /* Frameworks */ = {
			isa = PBXGroup;
			children = (
				1DF5F4DF0D08C38300B7A737 /* UIKit.framework */,
				1D30AB110D05D00D00671497 /* Foundation.framework */,
				288765A40DF7441C002DB57D /* CoreGraphics.framework */,
			);
			name = Frameworks;
			sourceTree = "<group>";
		};
		AB1C193310F4630A0060F12D /* OpenFlow */ = {
			isa = PBXGroup;
			children = (
				AB1C193410F4630A0060F12D /* AFItemView.h */,
				AB1C193510F4630A0060F12D /* AFItemView.m */,
				AB1C193610F4630A0060F12D /* AFOpenFlowConstants.h */,
				AB1C193710F4630A0060F12D /* AFOpenFlowView.h */,
				AB1C193810F4630A0060F12D /* AFOpenFlowView.m */,
				AB1C193910F4630A0060F12D /* AFUIImageReflection.h */,
				AB1C193A10F4630A0060F12D /* AFUIImageReflection.m */,
			);
			name = OpenFlow;
			path = ../OpenFlow;
			sourceTree = SOURCE_ROOT;
		};
		AB1C199310F464D10060F12D /* Sample Images */ = {
			isa = PBXGroup;
			children = (
				AB1C199410F464D10060F12D /* default.png */,
				AB1C199510F464D10060F12D /* 0.jpg */,
				AB1C199610F464D10060F12D /* 1.jpg */,
				AB1C199710F464D10060F12D /* 2.jpg */,
				AB1C199810F464D10060F12D /* 3.jpg */,
				AB1C199910F464D10060F12D /* 4.jpg */,
				AB1C199A10F464D10060F12D /* 5.jpg */,
				AB1C199B10F464D10060F12D /* 6.jpg */,
				AB1C199C10F464D10060F12D /* 7.jpg */,
				AB1C199D10F464D10060F12D /* 8.jpg */,
				AB1C199E10F464D10060F12D /* 9.jpg */,
				AB1C199F10F464D10060F12D /* 10.jpg */,
				AB1C19A010F464D10060F12D /* 11.jpg */,
				AB1C19A110F464D10060F12D /* 12.jpg */,
				AB1C19A210F464D10060F12D /* 13.jpg */,
				AB1C19A310F464D10060F12D /* 14.jpg */,
				AB1C19A410F464D10060F12D /* 15.jpg */,
				AB1C19A510F464D10060F12D /* 16.jpg */,
				AB1C19A610F464D10060F12D /* 17.jpg */,
				AB1C19A710F464D10060F12D /* 18.jpg */,
				AB1C19A810F464D10060F12D /* 19.jpg */,
				AB1C19A910F464D10060F12D /* 20.jpg */,
				AB1C19AA10F464D10060F12D /* 21.jpg */,
				AB1C19AB10F464D10060F12D /* 22.jpg */,
				AB1C19AC10F464D10060F12D /* 23.jpg */,
				AB1C19AD10F464D10060F12D /* 24.jpg */,
				AB1C19AE10F464D10060F12D /* 25.jpg */,
				AB1C19AF10F464D10060F12D /* 26.jpg */,
				AB1C19B010F464D10060F12D /* 27.jpg */,
				AB1C19B110F464D10060F12D /* 28.jpg */,
				AB1C19B210F464D10060F12D /* 29.jpg */,
			);
			name = "Sample Images";
			sourceTree = SOURCE_ROOT;
		};
/* End PBXGroup section */

/* Begin PBXNativeTarget section */
		1D6058900D05DD3D006BFB54 /* OpenFlowProject */ = {
			isa = PBXNativeTarget;
			buildConfigurationList = 1D6058960D05DD3E006BFB54 /* Build configuration list for PBXNativeTarget "OpenFlowProject" */;
			buildPhases = (
				1D60588D0D05DD3D006BFB54 /* Resources */,
				1D60588E0D05DD3D006BFB54 /* Sources */,
				1D60588F0D05DD3D006BFB54 /* Frameworks */,
			);
			buildRules = (
			);
			dependencies = (
			);
			name = OpenFlowProject;
			productName = OpenFlowProject;
			productReference = 1D6058910D05DD3D006BFB54 /* OpenFlowProject.app */;
			productType = "com.apple.product-type.application";
		};
/* End PBXNativeTarget section */

/* Begin PBXProject section */
		29B97313FDCFA39411CA2CEA /* Project object */ = {
			isa = PBXProject;
			buildConfigurationList = C01FCF4E08A954540054247B /* Build configuration list for PBXProject "OpenFlowProject" */;
			compatibilityVersion = "Xcode 3.1";
			developmentRegion = English;
			hasScannedForEncodings = 1;
			knownRegions = (
				English,
				Japanese,
				French,
				German,
			);
			mainGroup = 29B97314FDCFA39411CA2CEA /* CustomTemplate */;
			projectDirPath = "";
			projectRoot = "";
			targets = (
				1D6058900D05DD3D006BFB54 /* OpenFlowProject */,
			);
		};
/* End PBXProject section */

/* Begin PBXResourcesBuildPhase section */
		1D60588D0D05DD3D006BFB54 /* Resources */ = {
			isa = PBXResourcesBuildPhase;
			buildActionMask = 2147483647;
			files = (
				28AD733F0D9D9553002E5188 /* MainWindow.xib in Resources */,
				2899E5220DE3E06400AC0155 /* OpenFlowProjectViewController.xib in Resources */,
				AB1C19B310F464D10060F12D /* default.png in Resources */,
				AB1C19B410F464D10060F12D /* 0.jpg in Resources */,
				AB1C19B510F464D10060F12D /* 1.jpg in Resources */,
				AB1C19B610F464D10060F12D /* 2.jpg in Resources */,
				AB1C19B710F464D10060F12D /* 3.jpg in Resources */,
				AB1C19B810F464D10060F12D /* 4.jpg in Resources */,
				AB1C19B910F464D10060F12D /* 5.jpg in Resources */,
				AB1C19BA10F464D10060F12D /* 6.jpg in Resources */,
				AB1C19BB10F464D10060F12D /* 7.jpg in Resources */,
				AB1C19BC10F464D10060F12D /* 8.jpg in Resources */,
				AB1C19BD10F464D10060F12D /* 9.jpg in Resources */,
				AB1C19BE10F464D10060F12D /* 10.jpg in Resources */,
				AB1C19BF10F464D10060F12D /* 11.jpg in Resources */,
				AB1C19C010F464D10060F12D /* 12.jpg in Resources */,
				AB1C19C110F464D10060F12D /* 13.jpg in Resources */,
				AB1C19C210F464D10060F12D /* 14.jpg in Resources */,
				AB1C19C310F464D10060F12D /* 15.jpg in Resources */,
				AB1C19C410F464D10060F12D /* 16.jpg in Resources */,
				AB1C19C510F464D10060F12D /* 17.jpg in Resources */,
				AB1C19C610F464D10060F12D /* 18.jpg in Resources */,
				AB1C19C710F464D10060F12D /* 19.jpg in Resources */,
				AB1C19C810F464D10060F12D /* 20.jpg in Resources */,
				AB1C19C910F464D10060F12D /* 21.jpg in Resources */,
				AB1C19CA10F464D10060F12D /* 22.jpg in Resources */,
				AB1C19CB10F464D10060F12D /* 23.jpg in Resources */,
				AB1C19CC10F464D10060F12D /* 24.jpg in Resources */,
				AB1C19CD10F464D10060F12D /* 25.jpg in Resources */,
				AB1C19CE10F464D10060F12D /* 26.jpg in Resources */,
				AB1C19CF10F464D10060F12D /* 27.jpg in Resources */,
				AB1C19D010F464D10060F12D /* 28.jpg in Resources */,
				AB1C19D110F464D10060F12D /* 29.jpg in Resources */,
			);
			runOnlyForDeploymentPostprocessing = 0;
		};
/* End PBXResourcesBuildPhase section */

/* Begin PBXSourcesBuildPhase section */
		1D60588E0D05DD3D006BFB54 /* Sources */ = {
			isa = PBXSourcesBuildPhase;
			buildActionMask = 2147483647;
			files = (
				1D60589B0D05DD56006BFB54 /* main.m in Sources */,
				1D3623260D0F684500981E51 /* OpenFlowProjectAppDelegate.m in Sources */,
				28D7ACF80DDB3853001CB0EB /* OpenFlowProjectViewController.m in Sources */,
				AB1C193210F462F50060F12D /* AFGetImageOperation.m in Sources */,
				AB1C193B10F4630A0060F12D /* AFItemView.m in Sources */,
				AB1C193C10F4630A0060F12D /* AFOpenFlowView.m in Sources */,
				AB1C193D10F4630A0060F12D /* AFUIImageReflection.m in Sources */,
			);
			runOnlyForDeploymentPostprocessing = 0;
		};
/* End PBXSourcesBuildPhase section */

/* Begin XCBuildConfiguration section */
		1D6058940D05DD3E006BFB54 /* Debug */ = {
			isa = XCBuildConfiguration;
			buildSettings = {
				ALWAYS_SEARCH_USER_PATHS = NO;
				COPY_PHASE_STRIP = NO;
				GCC_DYNAMIC_NO_PIC = NO;
				GCC_OPTIMIZATION_LEVEL = 0;
				GCC_PRECOMPILE_PREFIX_HEADER = YES;
				GCC_PREFIX_HEADER = OpenFlowProject_Prefix.pch;
				INFOPLIST_FILE = "OpenFlowProject-Info.plist";
				PRODUCT_NAME = OpenFlowProject;
			};
			name = Debug;
		};
		1D6058950D05DD3E006BFB54 /* Release */ = {
			isa = XCBuildConfiguration;
			buildSettings = {
				ALWAYS_SEARCH_USER_PATHS = NO;
				COPY_PHASE_STRIP = YES;
				GCC_PRECOMPILE_PREFIX_HEADER = YES;
				GCC_PREFIX_HEADER = OpenFlowProject_Prefix.pch;
				INFOPLIST_FILE = "OpenFlowProject-Info.plist";
				PRODUCT_NAME = OpenFlowProject;
			};
			name = Release;
		};
		C01FCF4F08A954540054247B /* Debug */ = {
			isa = XCBuildConfiguration;
			buildSettings = {
				ARCHS = "$(ARCHS_STANDARD_32_BIT)";
				"CODE_SIGN_IDENTITY[sdk=iphoneos*]" = "iPhone Developer";
				GCC_C_LANGUAGE_STANDARD = c99;
				GCC_WARN_ABOUT_RETURN_TYPE = YES;
				GCC_WARN_UNUSED_VARIABLE = YES;
				IPHONEOS_DEPLOYMENT_TARGET = 4.0;
				PREBINDING = NO;
				SDKROOT = iphoneos4.1;
			};
			name = Debug;
		};
		C01FCF5008A954540054247B /* Release */ = {
			isa = XCBuildConfiguration;
			buildSettings = {
				ARCHS = "$(ARCHS_STANDARD_32_BIT)";
				"CODE_SIGN_IDENTITY[sdk=iphoneos*]" = "iPhone Developer";
				GCC_C_LANGUAGE_STANDARD = c99;
				GCC_WARN_ABOUT_RETURN_TYPE = YES;
				GCC_WARN_UNUSED_VARIABLE = YES;
				IPHONEOS_DEPLOYMENT_TARGET = 4.0;
				PREBINDING = NO;
				SDKROOT = iphoneos4.1;
			};
			name = Release;
		};
/* End XCBuildConfiguration section */

/* Begin XCConfigurationList section */
		1D6058960D05DD3E006BFB54 /* Build configuration list for PBXNativeTarget "OpenFlowProject" */ = {
			isa = XCConfigurationList;
			buildConfigurations = (
				1D6058940D05DD3E006BFB54 /* Debug */,
				1D6058950D05DD3E006BFB54 /* Release */,
			);
			defaultConfigurationIsVisible = 0;
			defaultConfigurationName = Release;
		};
		C01FCF4E08A954540054247B /* Build configuration list for PBXProject "OpenFlowProject" */ = {
			isa = XCConfigurationList;
			buildConfigurations = (
				C01FCF4F08A954540054247B /* Debug */,
				C01FCF5008A954540054247B /* Release */,
			);
			defaultConfigurationIsVisible = 0;
			defaultConfigurationName = Release;
		};
/* End XCConfigurationList section */
	};
	rootObject = 29B97313FDCFA39411CA2CEA /* Project object */;
}
